
Microsoft Visual Studio Solution File, Format Version 12.00
# Visual Studio Version 16
VisualStudioVersion = 16.0.29025.244
MinimumVisualStudioVersion = 10.0.40219.1
Project("{FAE04EC0-301F-11D3-BF4B-00C04F79EFBC}") = "MiniChess", "MiniChess.csproj", "{488DF1C0-9012-4348-836D-24A1C57DFE5D}"
EndProject
Global
	GlobalSection(SolutionConfigurationPlatforms) = preSolution
		Debug|Any CPU = Debug|Any CPU
		Release|Any CPU = Release|Any CPU
	EndGlobalSection
	GlobalSection(ProjectConfigurationPlatforms) = postSolution
		{488DF1C0-9012-4348-836D-24A1C57DFE5D}.Debug|Any CPU.ActiveCfg = Debug|Any CPU
		{488DF1C0-9012-4348-836D-24A1C57DFE5D}.Debug|Any CPU.Build.0 = Debug|Any CPU
		{488DF1C0-9012-4348-836D-24A1C57DFE5D}.Release|Any CPU.ActiveCfg = Release|Any CPU
		{488DF1C0-9012-4348-836D-24A1C57DFE5D}.Release|Any CPU.Build.0 = Release|Any CPU
	EndGlobalSection
	GlobalSection(SolutionProperties) = preSolution
		HideSolutionNode = FALSE
	EndGlobalSection
	GlobalSection(ExtensibilityGlobals) = postSolution
		SolutionGuid = {A902AE54-4A0F-43EA-864F-586ECE0B1305}
	EndGlobalSection
EndGlobal
